{
  "projects": [
    {
      "projectId": "kS7YGZfVr6mU43XDQjXELc",
      "version": "0.11.0",
      "dependencies": {},
      "lang": "ts",
      "fileLocks": [
        {
          "assetId": "kS7YGZfVr6mU43XDQjXELc",
          "type": "projectCss",
          "checksum": "e1ec850476829c38b0f9b6d4f7ac446a"
        }
      ],
      "codegenVersion": "0.0.1"
    },
    {
      "projectId": "9Vr5YWkf3w7jj6SsTcCEta",
      "version": "0.4.0",
      "dependencies": {},
      "lang": "ts",
      "fileLocks": [
        {
          "assetId": "9Vr5YWkf3w7jj6SsTcCEta",
          "type": "projectCss",
          "checksum": "e1ec850476829c38b0f9b6d4f7ac446a"
        }
      ],
      "codegenVersion": "0.0.1"
    },
    {
      "projectId": "jkU633o1Cz7HrJdwdxhVHk",
      "version": "16.1.2",
      "dependencies": {},
      "lang": "ts",
      "fileLocks": [
        {
          "assetId": "jkU633o1Cz7HrJdwdxhVHk",
          "type": "projectCss",
          "checksum": "e1ec850476829c38b0f9b6d4f7ac446a"
        }
      ],
      "codegenVersion": "0.0.1"
    },
    {
      "projectId": "ohDidvG9XsCeFumugENU3J",
      "version": "6.5.0",
      "dependencies": {},
      "lang": "ts",
      "fileLocks": [
        {
          "assetId": "ohDidvG9XsCeFumugENU3J",
          "type": "projectCss",
          "checksum": "fd83b730367fdbde2c69bc6cf31c2a3c"
        },
        {
          "assetId": "ohDidvG9XsCeFumugENU3J",
          "checksum": "9edd6de3249e8ce87ee98f963fba1736",
          "type": "globalContexts"
        }
      ],
      "codegenVersion": "0.0.1"
    },
    {
      "projectId": "6QkeeK1VwAmnmNNLQDKThX",
      "version": "latest",
      "dependencies": {
        "ohDidvG9XsCeFumugENU3J": "6.5.0",
        "jkU633o1Cz7HrJdwdxhVHk": "16.1.2",
        "9Vr5YWkf3w7jj6SsTcCEta": "0.4.0",
        "kS7YGZfVr6mU43XDQjXELc": "0.11.0"
      },
      "lang": "ts",
      "fileLocks": [
        {
          "type": "globalVariant",
          "assetId": "I1w5Sio9R89n",
          "checksum": "564c4e672c76d86f94137d01e3a0b199"
        },
        {
          "assetId": "6QkeeK1VwAmnmNNLQDKThX",
          "type": "projectCss",
          "checksum": "a6c94d4c9bece09cafe9863510a5478c"
        },
        {
          "assetId": "6QkeeK1VwAmnmNNLQDKThX",
          "checksum": "1f6e246685d3b031ad5dfc6d604a13b9",
          "type": "globalContexts"
        },
        {
          "type": "renderModule",
          "assetId": "EsuOpX44H2_O",
          "checksum": "e3f8f72e175efd183bd70db43bc09c6c"
        },
        {
          "type": "cssRules",
          "assetId": "EsuOpX44H2_O",
          "checksum": "e3f8f72e175efd183bd70db43bc09c6c"
        },
        {
          "type": "renderModule",
          "assetId": "GqB1o5GMbILe",
          "checksum": "8ae9bc66cc27211b9c8e314d883ac9e8"
        },
        {
          "type": "cssRules",
          "assetId": "GqB1o5GMbILe",
          "checksum": "8ae9bc66cc27211b9c8e314d883ac9e8"
        },
        {
          "type": "renderModule",
          "assetId": "2lNfypwHEvw9",
          "checksum": "a0b49ecc9fb74df7fc0b8f29ca4181ba"
        },
        {
          "type": "cssRules",
          "assetId": "2lNfypwHEvw9",
          "checksum": "a0b49ecc9fb74df7fc0b8f29ca4181ba"
        },
        {
          "type": "renderModule",
          "assetId": "iq-U48IeqHf3",
          "checksum": "0567f2447054912e540fb1ac39163ef8"
        },
        {
          "type": "cssRules",
          "assetId": "iq-U48IeqHf3",
          "checksum": "0567f2447054912e540fb1ac39163ef8"
        },
        {
          "type": "renderModule",
          "assetId": "E9WW155rovDW",
          "checksum": "0fc66de1c5915942704b4d65307d7670"
        },
        {
          "type": "cssRules",
          "assetId": "E9WW155rovDW",
          "checksum": "0fc66de1c5915942704b4d65307d7670"
        },
        {
          "type": "renderModule",
          "assetId": "vgTctFaNxIQh",
          "checksum": "6416ef14662dca52892dd190a57ba4e1"
        },
        {
          "type": "cssRules",
          "assetId": "vgTctFaNxIQh",
          "checksum": "6416ef14662dca52892dd190a57ba4e1"
        },
        {
          "type": "renderModule",
          "assetId": "yeS3PhhDebiT",
          "checksum": "9631e4cba4df098671ad92f446be39ee"
        },
        {
          "type": "cssRules",
          "assetId": "yeS3PhhDebiT",
          "checksum": "9631e4cba4df098671ad92f446be39ee"
        },
        {
          "type": "renderModule",
          "assetId": "7N8ajMponD-P",
          "checksum": "3f9bf323a3cb0564534c849580c9e618"
        },
        {
          "type": "cssRules",
          "assetId": "7N8ajMponD-P",
          "checksum": "3f9bf323a3cb0564534c849580c9e618"
        },
        {
          "type": "icon",
          "assetId": "nnee8GQNWWyI",
          "checksum": "728d50e4dc20f6bdcf50ea5e163eba31"
        },
        {
          "type": "icon",
          "assetId": "_MLJOpoA6sUJ",
          "checksum": "3ba84f1eaffd63980b70ff8a85c9d741"
        },
        {
          "type": "icon",
          "assetId": "53Q_OUQsVQkF",
          "checksum": "4be37aa52b75257b3af2fef31e0bdd12"
        },
        {
          "type": "icon",
          "assetId": "qVj3xGgWs0-H",
          "checksum": "d94c6322b5e19094b8e4c8724ef97bbf"
        },
        {
          "type": "icon",
          "assetId": "pFxxENYEbd2D",
          "checksum": "63cf44924bae4fb186f4f796e83f82a1"
        },
        {
          "type": "icon",
          "assetId": "DiAL1Q28HbYZ",
          "checksum": "7099dce0df2841652e61331c89ab1181"
        },
        {
          "type": "icon",
          "assetId": "Z8JEOjSLJ6nJ",
          "checksum": "5d81f8fdd46a380b3a69418e4afc9f71"
        },
        {
          "type": "icon",
          "assetId": "I7bElgQq3jUF",
          "checksum": "2ff5d657bbf41c5180668c77b8c766c9"
        },
        {
          "type": "image",
          "assetId": "A3XKF_FrnVcs",
          "checksum": "2c7662634c17e7ff2e18a6c240ffd211"
        },
        {
          "type": "image",
          "assetId": "RSOEuZDGHDt4",
          "checksum": "a7d33c83fe143d8f84485492af656bdd"
        },
        {
          "type": "image",
          "assetId": "kI8dl1H_3NtF",
          "checksum": "6f9da90989e38d3199596d05ff235e2f"
        },
        {
          "type": "image",
          "assetId": "KfZ8FNTzAVsp",
          "checksum": "102fee6c7882cd02ef44b615fdd5d1e0"
        },
        {
          "type": "image",
          "assetId": "pfMhcRfls2HU",
          "checksum": "3390b0c93c688a1206ffc0a4abfd2a76"
        },
        {
          "type": "image",
          "assetId": "IE8FBmnKUdzB",
          "checksum": "397391b1ebb71095551c9b46dc579fe2"
        },
        {
          "type": "image",
          "assetId": "vd6j4ce7xw-8",
          "checksum": "2b5375d51d39c705ea01fac822ca2010"
        },
        {
          "type": "image",
          "assetId": "cV45C27p1JON",
          "checksum": "b1357b55a88aac4a7ad23509dd4a9fd9"
        },
        {
          "type": "image",
          "assetId": "02zKbsK2xMcM",
          "checksum": "bd11274614519d17a7d0ec81b4a78b19"
        },
        {
          "type": "image",
          "assetId": "B64g5Qb6vM98",
          "checksum": "dc784339d0da15717e8a57e6363be226"
        },
        {
          "type": "image",
          "assetId": "I4K6Dr6fV5Sm",
          "checksum": "bd98ba5dddd0ed616b311fc22e7faa3e"
        },
        {
          "type": "image",
          "assetId": "Ode-Nbspimkt",
          "checksum": "5d7277915bee46aba2966bf041fcb18a"
        },
        {
          "type": "image",
          "assetId": "67h1dUF_71L0",
          "checksum": "a1630a43ad517deb11308c0e215e6ff6"
        },
        {
          "type": "image",
          "assetId": "p-Ee29TpC3gn",
          "checksum": "df3a8f67ce8300475ce1bc66d91b64b1"
        },
        {
          "type": "image",
          "assetId": "pmAHqzh9IPtw",
          "checksum": "8548f388bd5c30249287f20c388563b5"
        },
        {
          "type": "image",
          "assetId": "1DOMHRhYQB8f",
          "checksum": "971ea4d408db25bd85dcb71395a5e8d5"
        },
        {
          "type": "image",
          "assetId": "1OZS9suwHPkv",
          "checksum": "372842851808006aa290e14a804e7eb5"
        },
        {
          "type": "image",
          "assetId": "_w6WeVLtuYjM",
          "checksum": "4fe7c629148bc0d4c5e0a76fd16fffa4"
        },
        {
          "type": "image",
          "assetId": "EDCtET9Ujp2R",
          "checksum": "7b222bb6620b62d94acb0e88b131fd12"
        },
        {
          "type": "image",
          "assetId": "04B_8t2V28oc",
          "checksum": "0d298e966a7451dbbb7c4697e34bce55"
        },
        {
          "type": "image",
          "assetId": "6nwuK56YaeGz",
          "checksum": "f35912e81c101440188d28493beaae71"
        },
        {
          "type": "image",
          "assetId": "wxgOChPn2szm",
          "checksum": "2bcf675dfd82c5be3c6c709970fd6a22"
        },
        {
          "type": "image",
          "assetId": "LtwChDNzhiwg",
          "checksum": "7955e0d2973a98a9b46892a83737af85"
        },
        {
          "type": "image",
          "assetId": "POv7g57X_6lf",
          "checksum": "ac163c31afea11ba08be7e94f7c09d8c"
        },
        {
          "type": "image",
          "assetId": "k5JDqcmh5vMA",
          "checksum": "c74a8334e94ab7812d1650d9b22c2b1d"
        },
        {
          "type": "image",
          "assetId": "qNCkmOStuDkP",
          "checksum": "3473788f294e4a449a1cede7c82cee3a"
        },
        {
          "type": "image",
          "assetId": "suLjTmnjQ2L0",
          "checksum": "24b9b0c1baf269266b708601adff4aea"
        },
        {
          "type": "image",
          "assetId": "toVP3rWKV5ja",
          "checksum": "307099b13c69bfff5f79e1468918df21"
        },
        {
          "type": "image",
          "assetId": "_05meSEHlSJy",
          "checksum": "3818666033c76de8a9ed7d192a3e049f"
        },
        {
          "type": "image",
          "assetId": "IPbrKcURKBx_",
          "checksum": "ed4f38403081fd5aead94e5c8147b2f5"
        },
        {
          "type": "image",
          "assetId": "WVz_9e7U3pNk",
          "checksum": "8951adbc24bdfa7380ca47b36a126cbc"
        },
        {
          "type": "image",
          "assetId": "DKcFQ0K6hr9K",
          "checksum": "c45630443765a98be23056154dc3f793"
        },
        {
          "type": "image",
          "assetId": "KxwIbXIRlckC",
          "checksum": "b9bfbd1d8503eab6e07dcc3ad3f3fb2c"
        },
        {
          "type": "image",
          "assetId": "K7eWaHUAepcZ",
          "checksum": "f692fb69cd558064fd7b4a1ef87fc19f"
        },
        {
          "type": "image",
          "assetId": "RXW3dGYZty0I",
          "checksum": "5df9b99e8f9c142a500f02e9233d735e"
        },
        {
          "type": "image",
          "assetId": "vCB6wIPW6PE0",
          "checksum": "18acded9f08f9cd43b3f919a7319507f"
        },
        {
          "type": "image",
          "assetId": "nfJRqbNGJd8p",
          "checksum": "6fd0fbcf707c2471bd1982c33560d8bf"
        },
        {
          "type": "image",
          "assetId": "xSme41hB27yg",
          "checksum": "e676206aaea8579f3801f720b54d1589"
        },
        {
          "type": "image",
          "assetId": "JmoK_fIp6Pqt",
          "checksum": "9bbf6161cc90cefbf070813e69c61fdf"
        },
        {
          "type": "image",
          "assetId": "w_4Efy9G-n8U",
          "checksum": "a9d749aa409ff51bbfcad95af1167e22"
        },
        {
          "type": "image",
          "assetId": "0t-It3rcZjBD",
          "checksum": "3e3c1260a88a640495791744bb3d9ddb"
        },
        {
          "type": "image",
          "assetId": "_2YtWJ4z0-_g",
          "checksum": "10032691e4089121bd3a51b23706f72c"
        },
        {
          "type": "image",
          "assetId": "6ex0M_CiytDM",
          "checksum": "d5f0cc6e098304811c3c2f57703033bb"
        },
        {
          "type": "image",
          "assetId": "OJ8DZqKSfdny",
          "checksum": "a9fada0b07b6d3f6d378fd438dcc694f"
        },
        {
          "type": "image",
          "assetId": "ArOliwjnm--Y",
          "checksum": "25bf9c85affd612d3d75479889ae5dc7"
        },
        {
          "type": "image",
          "assetId": "1x-XWe7oUfrP",
          "checksum": "ac4fe790de4e1ed6c13a61ec6253b6d1"
        },
        {
          "type": "image",
          "assetId": "xUwNeTl_su2C",
          "checksum": "a93cb6c7afc806d8d79283098ebcc735"
        },
        {
          "type": "image",
          "assetId": "G98WwAusC_By",
          "checksum": "d39c367d135cef08bca1c4d06e8aa0bd"
        },
        {
          "type": "image",
          "assetId": "OmmjWFqYqwTr",
          "checksum": "363b890f7be343a5717c89d2503b70be"
        },
        {
          "type": "image",
          "assetId": "zm4xj4IbiFDs",
          "checksum": "c0905106aae5e6578b4768b309bfa2d7"
        },
        {
          "type": "image",
          "assetId": "gFe_-FZO8buW",
          "checksum": "13fbeea3fe64ddde2d7e5534ad9bdcad"
        },
        {
          "type": "image",
          "assetId": "FEOeVldxcbkW",
          "checksum": "415393036c304f30e9e57028c08a6482"
        },
        {
          "type": "image",
          "assetId": "Tcr4wVJqDCA7",
          "checksum": "83db10266c8605b24762f7894a2778be"
        },
        {
          "type": "image",
          "assetId": "moFO-gSKdaPL",
          "checksum": "1822d165ff978c7fa5bb6c86a3e514b4"
        },
        {
          "type": "image",
          "assetId": "zIxngnU14Vvh",
          "checksum": "f1a3011ea5faf9ad9b691048c051259e"
        },
        {
          "type": "image",
          "assetId": "eRJesyjgTShl",
          "checksum": "96cc559d3638a45caa63bc4f2c1a7c92"
        },
        {
          "type": "image",
          "assetId": "jmlZd0BP40uX",
          "checksum": "2b0893037ddde475160cfc7d24aea428"
        },
        {
          "type": "image",
          "assetId": "_ZYT6C-CLWQK",
          "checksum": "5f86ddde1b768d67a874e2dd2f818c64"
        },
        {
          "type": "image",
          "assetId": "qInTiK2cH4sq",
          "checksum": "536f654344c497d76f23e6cf4f0b4d9d"
        },
        {
          "type": "image",
          "assetId": "rDYWvMEXL5EG",
          "checksum": "2ec67e8b84f31fd34cddeb37085577cb"
        },
        {
          "type": "image",
          "assetId": "jc8JsfS0ysbh",
          "checksum": "094bb279470abedd3898a0d706d24198"
        },
        {
          "type": "image",
          "assetId": "tG0jnpZKdMqF",
          "checksum": "4866ca876ca43e5af5852a4194453e9f"
        },
        {
          "type": "image",
          "assetId": "otzrqF3BC-Wm",
          "checksum": "19e101c9a2acbaf5ee39d248ca1a9efb"
        },
        {
          "type": "image",
          "assetId": "_RfSG-bVI55Y",
          "checksum": "db4635bd66f215ff07f05791f895f49d"
        },
        {
          "type": "image",
          "assetId": "sQ7r50jA14uT",
          "checksum": "6dc85e208c9e52dbf3c92158df289f9c"
        },
        {
          "type": "image",
          "assetId": "N1NZGxgEyGxg",
          "checksum": "b1987a46bb1a57dafa53f0e715949a8b"
        },
        {
          "type": "image",
          "assetId": "U9XRWoP0odIt",
          "checksum": "7de2d331c4d129dbc47fffe33b9f0282"
        },
        {
          "type": "image",
          "assetId": "lyyVNEhyJeOy",
          "checksum": "950eeaeb0c6b957c7bdda9d207fa160f"
        },
        {
          "type": "image",
          "assetId": "hKTlRI08Yu7J",
          "checksum": "2376989f3f95c639936d267ce8854f49"
        },
        {
          "type": "image",
          "assetId": "SQezetRs0sQf",
          "checksum": "ab40cf12345f0b7cd423a37f71727e5b"
        },
        {
          "type": "image",
          "assetId": "3LOnF89JKiA1",
          "checksum": "ec4ec55d59e18b3dbe48e224a63399bb"
        },
        {
          "type": "image",
          "assetId": "3jUACfIiNhJ0",
          "checksum": "06dd4ea92e9f0e250cd511d90579e1c9"
        },
        {
          "type": "image",
          "assetId": "v5bfTdCQuJVz",
          "checksum": "b56a8d969f9a2b2cc0b4c12f8c2e9620"
        },
        {
          "type": "image",
          "assetId": "YbIMSgcgAieB",
          "checksum": "890eecccd6dbf85306c0baf176850fdf"
        }
      ],
      "codegenVersion": "0.0.1"
    }
  ],
  "cliVersion": "0.1.316"
}
